
Microsoft Visual Studio Solution File, Format Version 12.00
# Visual Studio Version 16
VisualStudioVersion = 16.0.28803.352
MinimumVisualStudioVersion = 10.0.40219.1
Project("{9A19103F-16F7-4668-BE54-9A1E7A4F7556}") = "ApiService", "ApiService\ApiService.csproj", "{31705F73-A7DC-41DA-808B-7C7C5E415ABE}"
EndProject
Project("{9A19103F-16F7-4668-BE54-9A1E7A4F7556}") = "CollectorService", "CollectorService\CollectorService.csproj", "{F91E34E1-7F28-4C6D-AC5E-14E3EA27B51F}"
EndProject
Project("{9A19103F-16F7-4668-BE54-9A1E7A4F7556}") = "DataCore", "DataCore\DataCore.csproj", "{E8607BA4-0E3C-4822-83C0-02B512D6DDCE}"
EndProject
Project("{9A19103F-16F7-4668-BE54-9A1E7A4F7556}") = "StorageService", "StorageService\StorageService.csproj", "{3659DA0A-6923-4495-BF45-93368C005332}"
EndProject
Project("{E53339B2-1760-4266-BCC7-CA923CBCF16C}") = "docker-compose", "docker-compose.dcproj", "{C8BB9FC8-68BE-44CA-AFB8-886E1B497E12}"
EndProject
Global
	GlobalSection(SolutionConfigurationPlatforms) = preSolution
		Debug|Any CPU = Debug|Any CPU
		Release|Any CPU = Release|Any CPU
	EndGlobalSection
	GlobalSection(ProjectConfigurationPlatforms) = postSolution
		{31705F73-A7DC-41DA-808B-7C7C5E415ABE}.Debug|Any CPU.ActiveCfg = Debug|Any CPU
		{31705F73-A7DC-41DA-808B-7C7C5E415ABE}.Debug|Any CPU.Build.0 = Debug|Any CPU
		{31705F73-A7DC-41DA-808B-7C7C5E415ABE}.Release|Any CPU.ActiveCfg = Release|Any CPU
		{31705F73-A7DC-41DA-808B-7C7C5E415ABE}.Release|Any CPU.Build.0 = Release|Any CPU
		{F91E34E1-7F28-4C6D-AC5E-14E3EA27B51F}.Debug|Any CPU.ActiveCfg = Debug|Any CPU
		{F91E34E1-7F28-4C6D-AC5E-14E3EA27B51F}.Debug|Any CPU.Build.0 = Debug|Any CPU
		{F91E34E1-7F28-4C6D-AC5E-14E3EA27B51F}.Release|Any CPU.ActiveCfg = Release|Any CPU
		{F91E34E1-7F28-4C6D-AC5E-14E3EA27B51F}.Release|Any CPU.Build.0 = Release|Any CPU
		{E8607BA4-0E3C-4822-83C0-02B512D6DDCE}.Debug|Any CPU.ActiveCfg = Debug|Any CPU
		{E8607BA4-0E3C-4822-83C0-02B512D6DDCE}.Debug|Any CPU.Build.0 = Debug|Any CPU
		{E8607BA4-0E3C-4822-83C0-02B512D6DDCE}.Release|Any CPU.ActiveCfg = Release|Any CPU
		{E8607BA4-0E3C-4822-83C0-02B512D6DDCE}.Release|Any CPU.Build.0 = Release|Any CPU
		{3659DA0A-6923-4495-BF45-93368C005332}.Debug|Any CPU.ActiveCfg = Debug|Any CPU
		{3659DA0A-6923-4495-BF45-93368C005332}.Debug|Any CPU.Build.0 = Debug|Any CPU
		{3659DA0A-6923-4495-BF45-93368C005332}.Release|Any CPU.ActiveCfg = Release|Any CPU
		{3659DA0A-6923-4495-BF45-93368C005332}.Release|Any CPU.Build.0 = Release|Any CPU
		{C8BB9FC8-68BE-44CA-AFB8-886E1B497E12}.Debug|Any CPU.ActiveCfg = Debug|Any CPU
		{C8BB9FC8-68BE-44CA-AFB8-886E1B497E12}.Debug|Any CPU.Build.0 = Debug|Any CPU
		{C8BB9FC8-68BE-44CA-AFB8-886E1B497E12}.Release|Any CPU.ActiveCfg = Release|Any CPU
		{C8BB9FC8-68BE-44CA-AFB8-886E1B497E12}.Release|Any CPU.Build.0 = Release|Any CPU
	EndGlobalSection
	GlobalSection(SolutionProperties) = preSolution
		HideSolutionNode = FALSE
	EndGlobalSection
	GlobalSection(ExtensibilityGlobals) = postSolution
		SolutionGuid = {3EAD0C22-E952-4E3D-BFA0-038612CEAC58}
	EndGlobalSection
EndGlobal
